{
  "requires": true,
  "lockfileVersion": 1,
  "dependencies": {
    "fullcalendar": {
      "version": "5.11.0",
      "resolved": "https://registry.npmjs.org/fullcalendar/-/fullcalendar-5.11.0.tgz",
      "integrity": "sha512-R3yQMKJtP6jWZ3o9fNB0WUOl6Oi+vus3ciLtt3eva7ISutkMm6nE4lA+xhfTS3OIevxVQOv0O646R6G8o7sMXA=="
    },
    "fullcalendar-scheduler": {
      "version": "5.6.0",
      "resolved": "https://registry.npmjs.org/fullcalendar-scheduler/-/fullcalendar-scheduler-5.6.0.tgz",
      "integrity": "sha512-0jx/Q+6QqzvIGWU/52OE27UVjVAiM9E0o/qRwRcEhyuKlL54ypTF/yXP/wo0ctUtui5dDsilGNsSsba1xmARJA=="
    }
  }
}
